
Microsoft Visual Studio Solution File, Format Version 12.00
# Visual Studio Version 17
VisualStudioVersion = 17.5.2.0
MinimumVisualStudioVersion = 10.0.40219.1
Project("{9A19103F-16F7-4668-BE54-9A1E7A4F7556}") = "hop", "hop.csproj", "{F04DDD80-8DC1-4DD2-8892-777435AC3AD3}"
EndProject
Project("{FAE04EC0-301F-11D3-BF4B-00C04F79EFBC}") = "geocode", "..\geocode\geocode.csproj", "{F50361DE-0C9B-4096-8CEB-2AF964AE9995}"
EndProject
Project("{FAE04EC0-301F-11D3-BF4B-00C04F79EFBC}") = "geocode.Tests", "..\..\tests\geocode.Tests\geocode.Tests.csproj", "{B8B15D68-2781-44DC-859C-EDE4486ED0C7}"
EndProject
Global
	GlobalSection(SolutionConfigurationPlatforms) = preSolution
		Debug|Any CPU = Debug|Any CPU
		Debug|x64 = Debug|x64
		Debug|x86 = Debug|x86
		Release|Any CPU = Release|Any CPU
		Release|x64 = Release|x64
		Release|x86 = Release|x86
	EndGlobalSection
	GlobalSection(ProjectConfigurationPlatforms) = postSolution
		{F04DDD80-8DC1-4DD2-8892-777435AC3AD3}.Debug|Any CPU.ActiveCfg = Debug|Any CPU
		{F04DDD80-8DC1-4DD2-8892-777435AC3AD3}.Debug|Any CPU.Build.0 = Debug|Any CPU
		{F04DDD80-8DC1-4DD2-8892-777435AC3AD3}.Debug|x64.ActiveCfg = Debug|Any CPU
		{F04DDD80-8DC1-4DD2-8892-777435AC3AD3}.Debug|x64.Build.0 = Debug|Any CPU
		{F04DDD80-8DC1-4DD2-8892-777435AC3AD3}.Debug|x86.ActiveCfg = Debug|Any CPU
		{F04DDD80-8DC1-4DD2-8892-777435AC3AD3}.Debug|x86.Build.0 = Debug|Any CPU
		{F04DDD80-8DC1-4DD2-8892-777435AC3AD3}.Release|Any CPU.ActiveCfg = Release|Any CPU
		{F04DDD80-8DC1-4DD2-8892-777435AC3AD3}.Release|Any CPU.Build.0 = Release|Any CPU
		{F04DDD80-8DC1-4DD2-8892-777435AC3AD3}.Release|x64.ActiveCfg = Release|Any CPU
		{F04DDD80-8DC1-4DD2-8892-777435AC3AD3}.Release|x64.Build.0 = Release|Any CPU
		{F04DDD80-8DC1-4DD2-8892-777435AC3AD3}.Release|x86.ActiveCfg = Release|Any CPU
		{F04DDD80-8DC1-4DD2-8892-777435AC3AD3}.Release|x86.Build.0 = Release|Any CPU
		{F50361DE-0C9B-4096-8CEB-2AF964AE9995}.Debug|Any CPU.ActiveCfg = Debug|Any CPU
		{F50361DE-0C9B-4096-8CEB-2AF964AE9995}.Debug|Any CPU.Build.0 = Debug|Any CPU
		{F50361DE-0C9B-4096-8CEB-2AF964AE9995}.Debug|x64.ActiveCfg = Debug|Any CPU
		{F50361DE-0C9B-4096-8CEB-2AF964AE9995}.Debug|x64.Build.0 = Debug|Any CPU
		{F50361DE-0C9B-4096-8CEB-2AF964AE9995}.Debug|x86.ActiveCfg = Debug|Any CPU
		{F50361DE-0C9B-4096-8CEB-2AF964AE9995}.Debug|x86.Build.0 = Debug|Any CPU
		{F50361DE-0C9B-4096-8CEB-2AF964AE9995}.Release|Any CPU.ActiveCfg = Release|Any CPU
		{F50361DE-0C9B-4096-8CEB-2AF964AE9995}.Release|Any CPU.Build.0 = Release|Any CPU
		{F50361DE-0C9B-4096-8CEB-2AF964AE9995}.Release|x64.ActiveCfg = Release|Any CPU
		{F50361DE-0C9B-4096-8CEB-2AF964AE9995}.Release|x64.Build.0 = Release|Any CPU
		{F50361DE-0C9B-4096-8CEB-2AF964AE9995}.Release|x86.ActiveCfg = Release|Any CPU
		{F50361DE-0C9B-4096-8CEB-2AF964AE9995}.Release|x86.Build.0 = Release|Any CPU
		{B8B15D68-2781-44DC-859C-EDE4486ED0C7}.Debug|Any CPU.ActiveCfg = Debug|Any CPU
		{B8B15D68-2781-44DC-859C-EDE4486ED0C7}.Debug|Any CPU.Build.0 = Debug|Any CPU
		{B8B15D68-2781-44DC-859C-EDE4486ED0C7}.Debug|x64.ActiveCfg = Debug|Any CPU
		{B8B15D68-2781-44DC-859C-EDE4486ED0C7}.Debug|x64.Build.0 = Debug|Any CPU
		{B8B15D68-2781-44DC-859C-EDE4486ED0C7}.Debug|x86.ActiveCfg = Debug|Any CPU
		{B8B15D68-2781-44DC-859C-EDE4486ED0C7}.Debug|x86.Build.0 = Debug|Any CPU
		{B8B15D68-2781-44DC-859C-EDE4486ED0C7}.Release|Any CPU.ActiveCfg = Release|Any CPU
		{B8B15D68-2781-44DC-859C-EDE4486ED0C7}.Release|Any CPU.Build.0 = Release|Any CPU
		{B8B15D68-2781-44DC-859C-EDE4486ED0C7}.Release|x64.ActiveCfg = Release|Any CPU
		{B8B15D68-2781-44DC-859C-EDE4486ED0C7}.Release|x64.Build.0 = Release|Any CPU
		{B8B15D68-2781-44DC-859C-EDE4486ED0C7}.Release|x86.ActiveCfg = Release|Any CPU
		{B8B15D68-2781-44DC-859C-EDE4486ED0C7}.Release|x86.Build.0 = Release|Any CPU
	EndGlobalSection
	GlobalSection(SolutionProperties) = preSolution
		HideSolutionNode = FALSE
	EndGlobalSection
	GlobalSection(ExtensibilityGlobals) = postSolution
		SolutionGuid = {33D8CAEA-C387-4FA1-B391-0CAD55E755D6}
	EndGlobalSection
EndGlobal
